
Microsoft Visual Studio Solution File, Format Version 10.00
# Visual C++ Express 2008
Project("{8BC9CEB8-8B4A-11D0-8D11-00A0C91BC942}") = "buildplmipmap", "buildplmipmap.vcproj", "{84718204-D3D4-46EF-BD7A-6B2004923D4D}"
EndProject
Global
	GlobalSection(SolutionConfigurationPlatforms) = preSolution
		Debug|Win32 = Debug|Win32
		Release|Win32 = Release|Win32
	EndGlobalSection
	GlobalSection(ProjectConfigurationPlatforms) = postSolution
		{84718204-D3D4-46EF-BD7A-6B2004923D4D}.Debug|Win32.ActiveCfg = Debug|Win32
		{84718204-D3D4-46EF-BD7A-6B2004923D4D}.Debug|Win32.Build.0 = Debug|Win32
		{84718204-D3D4-46EF-BD7A-6B2004923D4D}.Release|Win32.ActiveCfg = Release|Win32
		{84718204-D3D4-46EF-BD7A-6B2004923D4D}.Release|Win32.Build.0 = Release|Win32
	EndGlobalSection
	GlobalSection(SolutionProperties) = preSolution
		HideSolutionNode = FALSE
	EndGlobalSection
EndGlobal
